
Microsoft Visual Studio Solution File, Format Version 12.00
# Visual Studio Version 16
VisualStudioVersion = 16.0.32929.386
MinimumVisualStudioVersion = 10.0.40219.1
Project("{FAE04EC0-301F-11D3-BF4B-00C04F79EFBC}") = "shopping.client", "shopping.client\shopping.client.csproj", "{6EEFFA19-7A54-4C23-B931-9D1363FABD8A}"
EndProject
Global
	GlobalSection(SolutionConfigurationPlatforms) = preSolution
		Debug|Any CPU = Debug|Any CPU
		Release|Any CPU = Release|Any CPU
	EndGlobalSection
	GlobalSection(ProjectConfigurationPlatforms) = postSolution
		{6EEFFA19-7A54-4C23-B931-9D1363FABD8A}.Debug|Any CPU.ActiveCfg = Debug|Any CPU
		{6EEFFA19-7A54-4C23-B931-9D1363FABD8A}.Debug|Any CPU.Build.0 = Debug|Any CPU
		{6EEFFA19-7A54-4C23-B931-9D1363FABD8A}.Release|Any CPU.ActiveCfg = Release|Any CPU
		{6EEFFA19-7A54-4C23-B931-9D1363FABD8A}.Release|Any CPU.Build.0 = Release|Any CPU
	EndGlobalSection
	GlobalSection(SolutionProperties) = preSolution
		HideSolutionNode = FALSE
	EndGlobalSection
	GlobalSection(ExtensibilityGlobals) = postSolution
		SolutionGuid = {A11FFDB9-ABF2-45A8-8B73-3EC9E2F697D2}
	EndGlobalSection
EndGlobal
